github.com/Gerardo115pp/patriot_router v0.0.0-20220703005750-f28396881093 h1:S0gZGuApvhFjhSnEF7XmsPe2cYC/4LA3YcIouMscG1Y=
github.com/Gerardo115pp/patriot_router v0.0.0-20220703005750-f28396881093/go.mod h1:50vXewOWMfkapHhJWYG5dWVDYS/B1ZGwlHLaEwdOmWw=
github.com/Gerardo115pp/patriots_lib v0.0.0-20220703070842-c1210d77ac7c h1:DwE0aSWoeuq5rSdPQHEY2QvPzkgXcSJQelp0oGCDoX0=
github.com/Gerardo115pp/patriots_lib v0.0.0-20220703070842-c1210d77ac7c/go.mod h1:QQUYPU1ilvkEJts5AUi966IGafLJjMRU3G3A2/gHbXA=
github.com/golang-jwt/jwt v3.2.2+incompatible h1:IfV12K8xAKAnZqdXVzCZ+TOjboZ2keLg81eXfW3O+oY=
github.com/golang-jwt/jwt v3.2.2+incompatible/go.mod h1:8pz2t5EyA70fFQQSrl6XZXzqecmYZeUEB8OUGHkxJ+I=
github.com/google/uuid v1.3.0 h1:t6JiXgmwXMjEs8VusXIJk2BXHsn+wx8BZdTaoZ5fu7I=
github.com/google/uuid v1.3.0/go.mod h1:TIyPZe4MgqvfeYDBFedMoGGpEw/LqOeaOT+nhxU+yHo=
github.com/mattn/go-sqlite3 v1.14.16 h1:yOQRA0RpS5PFz/oikGwBEqvAWhWg5ufRz4ETLjwpU1Y=
github.com/mattn/go-sqlite3 v1.14.16/go.mod h1:2eHXhiwb8IkHr+BDWZGa96P6+rkvnG63S2DGjv9HUNg=
